
Microsoft Visual Studio Solution File, Format Version 12.00
# Visual Studio Version 17
VisualStudioVersion = 17.4.33205.214
MinimumVisualStudioVersion = 10.0.40219.1
Project("{FAE04EC0-301F-11D3-BF4B-00C04F79EFBC}") = "KakaoTalkAutoLogin", "KakaoTalkAutoLogin.csproj", "{B56AB2C9-12CF-4FFC-B581-075E8C9D78DE}"
EndProject
Global
	GlobalSection(SolutionConfigurationPlatforms) = preSolution
		Debug|Any CPU = Debug|Any CPU
		Release|Any CPU = Release|Any CPU
	EndGlobalSection
	GlobalSection(ProjectConfigurationPlatforms) = postSolution
		{B56AB2C9-12CF-4FFC-B581-075E8C9D78DE}.Debug|Any CPU.ActiveCfg = Debug|Any CPU
		{B56AB2C9-12CF-4FFC-B581-075E8C9D78DE}.Debug|Any CPU.Build.0 = Debug|Any CPU
		{B56AB2C9-12CF-4FFC-B581-075E8C9D78DE}.Release|Any CPU.ActiveCfg = Release|Any CPU
		{B56AB2C9-12CF-4FFC-B581-075E8C9D78DE}.Release|Any CPU.Build.0 = Release|Any CPU
	EndGlobalSection
	GlobalSection(SolutionProperties) = preSolution
		HideSolutionNode = FALSE
	EndGlobalSection
	GlobalSection(ExtensibilityGlobals) = postSolution
		SolutionGuid = {5A132242-A398-40FE-8D3C-CA43BE3BE98A}
	EndGlobalSection
EndGlobal
